
Microsoft Visual Studio Solution File, Format Version 12.00
# Visual Studio 15
VisualStudioVersion = 15.0.27130.2027
MinimumVisualStudioVersion = 10.0.40219.1
Project("{FAE04EC0-301F-11D3-BF4B-00C04F79EFBC}") = "ExpectTest", "ExpectTest\ExpectTest.csproj", "{970BBD7A-438F-4E71-9C66-B31944FF3984}"
EndProject
Global
	GlobalSection(SolutionConfigurationPlatforms) = preSolution
		Debug|Any CPU = Debug|Any CPU
		Release|Any CPU = Release|Any CPU
	EndGlobalSection
	GlobalSection(ProjectConfigurationPlatforms) = postSolution
		{970BBD7A-438F-4E71-9C66-B31944FF3984}.Debug|Any CPU.ActiveCfg = Debug|Any CPU
		{970BBD7A-438F-4E71-9C66-B31944FF3984}.Debug|Any CPU.Build.0 = Debug|Any CPU
		{970BBD7A-438F-4E71-9C66-B31944FF3984}.Release|Any CPU.ActiveCfg = Release|Any CPU
		{970BBD7A-438F-4E71-9C66-B31944FF3984}.Release|Any CPU.Build.0 = Release|Any CPU
	EndGlobalSection
	GlobalSection(SolutionProperties) = preSolution
		HideSolutionNode = FALSE
	EndGlobalSection
	GlobalSection(ExtensibilityGlobals) = postSolution
		SolutionGuid = {4571A95E-2C8A-4F65-AFBA-23C15D499837}
	EndGlobalSection
EndGlobal
